# This file was autogenerated by Stack.
# You should not edit this file by hand.
# For more information, please see the documentation at:
#   https://docs.haskellstack.org/en/stable/lock_files

packages:
- completed:
    hackage: advent-of-code-api-0.2.7.0@sha256:d16c39e5f149bb046b05adf94ba2c3232a24d21587cb75b3c4c4480f1e270564,2351
    pantry-tree:
      size: 1185
      sha256: 1688c03a530c5eaf1581e1d5104e8481d3b2199ce973eb8599eb64168edc3908
  original:
    hackage: advent-of-code-api-0.2.7.0
- completed:
    hackage: constraints-extras-0.3.2.0@sha256:0897821d9d0428f41cf2179b2a8e99e0053e96a98dd39d91a31ab2851052338f,1777
    pantry-tree:
      size: 595
      sha256: 5f2b720724999342f33a52f52f646a33dac9c3ed85853ac10896be882ee3c65b
  original:
    hackage: constraints-extras-0.3.2.0@sha256:0897821d9d0428f41cf2179b2a8e99e0053e96a98dd39d91a31ab2851052338f,1777
- completed:
    hackage: dependent-sum-0.7.1.0@sha256:0e419237f5b86da3659772afff9cab355c0f8d5b3fdb15a5b30e673d8dc83941,2147
    pantry-tree:
      size: 290
      sha256: 009601e5d33e835c7a384e240c5c6ad12643bce9c54b2a0b07201daee3380e51
  original:
    hackage: dependent-sum-0.7.1.0@sha256:0e419237f5b86da3659772afff9cab355c0f8d5b3fdb15a5b30e673d8dc83941,2147
snapshots:
- completed:
    size: 532832
    url: https://raw.githubusercontent.com/commercialhaskell/stackage-snapshots/master/lts/16/23.yaml
    sha256: fbb2a0519008533924c7753bd7164ddd1009f09504eb06674acad6049b46db09
  original: lts-16.23
